<?xml version="1.0" encoding="utf-8"?>
<Project ToolsVersion="4.0" xmlns="http://schemas.microsoft.com/developer/msbuild/2003">
  <ItemGroup>
    <Filter Include="소스 파일">
      <UniqueIdentifier>{4FC737F1-C7A5-4376-A066-2A32D752A2FF}</UniqueIdentifier>
      <Extensions>cpp;c;cc;cxx;def;odl;idl;hpj;bat;asm;asmx</Extensions>
    </Filter>
    <Filter Include="헤더 파일">
      <UniqueIdentifier>{93995380-89BD-4b04-88EB-625FBE52EBFB}</UniqueIdentifier>
      <Extensions>h;hh;hpp;hxx;hm;inl;inc;ipp;xsd</Extensions>
    </Filter>
    <Filter Include="리소스 파일">
      <UniqueIdentifier>{67DA6AB6-F800-4c08-8B7A-83BB121AAD01}</UniqueIdentifier>
      <Extensions>rc;ico;cur;bmp;dlg;rc2;rct;bin;rgs;gif;jpg;jpeg;jpe;resx;tiff;tif;png;wav;mfcribbon-ms</Extensions>
    </Filter>
    <Filter Include="헤더 파일\QueryMsg">
      <UniqueIdentifier>{1d767409-51a8-484c-b8d4-bbcb09a4b52e}</UniqueIdentifier>
    </Filter>
    <Filter Include="소스 파일\QueryMessage">
      <UniqueIdentifier>{04d3c70d-48bb-4024-b991-02a7048e8360}</UniqueIdentifier>
    </Filter>
    <Filter Include="헤더 파일\Library">
      <UniqueIdentifier>{53665582-d3f3-4b78-be28-856d1e3fc7ed}</UniqueIdentifier>
    </Filter>
  </ItemGroup>
  <ItemGroup>
    <ClCompile Include="DBCommunicate.cpp">
      <Filter>소스 파일</Filter>
    </ClCompile>
    <ClCompile Include="main.cpp">
      <Filter>소스 파일</Filter>
    </ClCompile>
    <ClCompile Include="QMPlayerInfo.cpp">
      <Filter>소스 파일\QueryMessage</Filter>
    </ClCompile>
    <ClCompile Include="QMStageClear.cpp">
      <Filter>소스 파일\QueryMessage</Filter>
    </ClCompile>
    <ClCompile Include="QMAccountRegist.cpp">
      <Filter>소스 파일\QueryMessage</Filter>
    </ClCompile>
    <ClCompile Include="CCrashDump.cpp">
      <Filter>소스 파일</Filter>
    </ClCompile>
  </ItemGroup>
  <ItemGroup>
    <ClInclude Include="errmsg.h">
      <Filter>헤더 파일</Filter>
    </ClInclude>
    <ClInclude Include="mysql.h">
      <Filter>헤더 파일</Filter>
    </ClInclude>
    <ClInclude Include="DBCommunicate.h">
      <Filter>헤더 파일</Filter>
    </ClInclude>
    <ClInclude Include="IQueryMsg.h">
      <Filter>헤더 파일\QueryMsg</Filter>
    </ClInclude>
    <ClInclude Include="QMAccountRegist.h">
      <Filter>헤더 파일\QueryMsg</Filter>
    </ClInclude>
    <ClInclude Include="QMPlayerInfo.h">
      <Filter>헤더 파일\QueryMsg</Filter>
    </ClInclude>
    <ClInclude Include="QMStageClear.h">
      <Filter>헤더 파일\QueryMsg</Filter>
    </ClInclude>
    <ClInclude Include="LockFreeFreeList.h">
      <Filter>헤더 파일\Library</Filter>
    </ClInclude>
    <ClInclude Include="LockFreeQueue.h">
      <Filter>헤더 파일\Library</Filter>
    </ClInclude>
    <ClInclude Include="stdafx.h">
      <Filter>헤더 파일</Filter>
    </ClInclude>
    <ClInclude Include="MemoryPool_TLS.h">
      <Filter>헤더 파일\Library</Filter>
    </ClInclude>
    <ClInclude Include="CCrashDump.h">
      <Filter>헤더 파일\Library</Filter>
    </ClInclude>
  </ItemGroup>
</Project>